// !$*UTF8*$!
{
	archiveVersion = 1;
	classes = {
	};
	objectVersion = 50;
	objects = {

/* Begin PBXBuildFile section */
		4E56E5612590DC4A003B87C0 /* AppDelegate.swift in Sources */ = {isa = PBXBuildFile; fileRef = 4E56E5602590DC4A003B87C0 /* AppDelegate.swift */; };
		4E56E5632590DC4A003B87C0 /* SceneDelegate.swift in Sources */ = {isa = PBXBuildFile; fileRef = 4E56E5622590DC4A003B87C0 /* SceneDelegate.swift */; };
		4E56E5652590DC4A003B87C0 /* ConversationsViewController.swift in Sources */ = {isa = PBXBuildFile; fileRef = 4E56E5642590DC4A003B87C0 /* ConversationsViewController.swift */; };
		4E56E5682590DC4A003B87C0 /* Main.storyboard in Resources */ = {isa = PBXBuildFile; fileRef = 4E56E5662590DC4A003B87C0 /* Main.storyboard */; };
		4E56E56A2590DC4D003B87C0 /* Assets.xcassets in Resources */ = {isa = PBXBuildFile; fileRef = 4E56E5692590DC4D003B87C0 /* Assets.xcassets */; };
		4E56E56D2590DC4D003B87C0 /* LaunchScreen.storyboard in Resources */ = {isa = PBXBuildFile; fileRef = 4E56E56B2590DC4D003B87C0 /* LaunchScreen.storyboard */; };
		4E56E5782590DC4E003B87C0 /* MessengerTests.swift in Sources */ = {isa = PBXBuildFile; fileRef = 4E56E5772590DC4E003B87C0 /* MessengerTests.swift */; };
		4E56E5832590DC4E003B87C0 /* MessengerUITests.swift in Sources */ = {isa = PBXBuildFile; fileRef = 4E56E5822590DC4E003B87C0 /* MessengerUITests.swift */; };
		4E56E5B12590DF38003B87C0 /* LoginViewController.swift in Sources */ = {isa = PBXBuildFile; fileRef = 4E56E5B02590DF38003B87C0 /* LoginViewController.swift */; };
		4E56E5B62590DF47003B87C0 /* RegisterViewController.swift in Sources */ = {isa = PBXBuildFile; fileRef = 4E56E5B52590DF47003B87C0 /* RegisterViewController.swift */; };
		4E56E5BB2590DF63003B87C0 /* PhotoViewerViewController.swift in Sources */ = {isa = PBXBuildFile; fileRef = 4E56E5BA2590DF63003B87C0 /* PhotoViewerViewController.swift */; };
		4E56E5C02590DF71003B87C0 /* VideoPlayerViewController.swift in Sources */ = {isa = PBXBuildFile; fileRef = 4E56E5BF2590DF71003B87C0 /* VideoPlayerViewController.swift */; };
		4E56E5C52590DF85003B87C0 /* NewConversationViewController.swift in Sources */ = {isa = PBXBuildFile; fileRef = 4E56E5C42590DF85003B87C0 /* NewConversationViewController.swift */; };
		4E56E5CA2590DF91003B87C0 /* ProfileViewController.swift in Sources */ = {isa = PBXBuildFile; fileRef = 4E56E5C92590DF91003B87C0 /* ProfileViewController.swift */; };
/* End PBXBuildFile section */

/* Begin PBXContainerItemProxy section */
		4E56E5742590DC4E003B87C0 /* PBXContainerItemProxy */ = {
			isa = PBXContainerItemProxy;
			containerPortal = 4E56E5552590DC4A003B87C0 /* Project object */;
			proxyType = 1;
			remoteGlobalIDString = 4E56E55C2590DC4A003B87C0;
			remoteInfo = Messenger;
		};
		4E56E57F2590DC4E003B87C0 /* PBXContainerItemProxy */ = {
			isa = PBXContainerItemProxy;
			containerPortal = 4E56E5552590DC4A003B87C0 /* Project object */;
			proxyType = 1;
			remoteGlobalIDString = 4E56E55C2590DC4A003B87C0;
			remoteInfo = Messenger;
		};
/* End PBXContainerItemProxy section */

/* Begin PBXFileReference section */
		4E56E55D2590DC4A003B87C0 /* Messenger.app */ = {isa = PBXFileReference; explicitFileType = wrapper.application; includeInIndex = 0; path = Messenger.app; sourceTree = BUILT_PRODUCTS_DIR; };
		4E56E5602590DC4A003B87C0 /* AppDelegate.swift */ = {isa = PBXFileReference; lastKnownFileType = sourcecode.swift; path = AppDelegate.swift; sourceTree = "<group>"; };
		4E56E5622590DC4A003B87C0 /* SceneDelegate.swift */ = {isa = PBXFileReference; lastKnownFileType = sourcecode.swift; path = SceneDelegate.swift; sourceTree = "<group>"; };
		4E56E5642590DC4A003B87C0 /* ConversationsViewController.swift */ = {isa = PBXFileReference; lastKnownFileType = sourcecode.swift; path = ConversationsViewController.swift; sourceTree = "<group>"; };
		4E56E5672590DC4A003B87C0 /* Base */ = {isa = PBXFileReference; lastKnownFileType = file.storyboard; name = Base; path = Base.lproj/Main.storyboard; sourceTree = "<group>"; };
		4E56E5692590DC4D003B87C0 /* Assets.xcassets */ = {isa = PBXFileReference; lastKnownFileType = folder.assetcatalog; path = Assets.xcassets; sourceTree = "<group>"; };
		4E56E56C2590DC4D003B87C0 /* Base */ = {isa = PBXFileReference; lastKnownFileType = file.storyboard; name = Base; path = Base.lproj/LaunchScreen.storyboard; sourceTree = "<group>"; };
		4E56E56E2590DC4D003B87C0 /* Info.plist */ = {isa = PBXFileReference; lastKnownFileType = text.plist.xml; path = Info.plist; sourceTree = "<group>"; };
		4E56E5732590DC4E003B87C0 /* MessengerTests.xctest */ = {isa = PBXFileReference; explicitFileType = wrapper.cfbundle; includeInIndex = 0; path = MessengerTests.xctest; sourceTree = BUILT_PRODUCTS_DIR; };
		4E56E5772590DC4E003B87C0 /* MessengerTests.swift */ = {isa = PBXFileReference; lastKnownFileType = sourcecode.swift; path = MessengerTests.swift; sourceTree = "<group>"; };
		4E56E5792590DC4E003B87C0 /* Info.plist */ = {isa = PBXFileReference; lastKnownFileType = text.plist.xml; path = Info.plist; sourceTree = "<group>"; };
		4E56E57E2590DC4E003B87C0 /* MessengerUITests.xctest */ = {isa = PBXFileReference; explicitFileType = wrapper.cfbundle; includeInIndex = 0; path = MessengerUITests.xctest; sourceTree = BUILT_PRODUCTS_DIR; };
		4E56E5822590DC4E003B87C0 /* MessengerUITests.swift */ = {isa = PBXFileReference; lastKnownFileType = sourcecode.swift; path = MessengerUITests.swift; sourceTree = "<group>"; };
		4E56E5842590DC4E003B87C0 /* Info.plist */ = {isa = PBXFileReference; lastKnownFileType = text.plist.xml; path = Info.plist; sourceTree = "<group>"; };
		4E56E5B02590DF38003B87C0 /* LoginViewController.swift */ = {isa = PBXFileReference; lastKnownFileType = sourcecode.swift; path = LoginViewController.swift; sourceTree = "<group>"; };
		4E56E5B52590DF47003B87C0 /* RegisterViewController.swift */ = {isa = PBXFileReference; lastKnownFileType = sourcecode.swift; path = RegisterViewController.swift; sourceTree = "<group>"; };
		4E56E5BA2590DF63003B87C0 /* PhotoViewerViewController.swift */ = {isa = PBXFileReference; lastKnownFileType = sourcecode.swift; path = PhotoViewerViewController.swift; sourceTree = "<group>"; };
		4E56E5BF2590DF71003B87C0 /* VideoPlayerViewController.swift */ = {isa = PBXFileReference; lastKnownFileType = sourcecode.swift; path = VideoPlayerViewController.swift; sourceTree = "<group>"; };
		4E56E5C42590DF85003B87C0 /* NewConversationViewController.swift */ = {isa = PBXFileReference; lastKnownFileType = sourcecode.swift; path = NewConversationViewController.swift; sourceTree = "<group>"; };
		4E56E5C92590DF91003B87C0 /* ProfileViewController.swift */ = {isa = PBXFileReference; lastKnownFileType = sourcecode.swift; path = ProfileViewController.swift; sourceTree = "<group>"; };
/* End PBXFileReference section */

/* Begin PBXFrameworksBuildPhase section */
		4E56E55A2590DC4A003B87C0 /* Frameworks */ = {
			isa = PBXFrameworksBuildPhase;
			buildActionMask = 2147483647;
			files = (
			);
			runOnlyForDeploymentPostprocessing = 0;
		};
		4E56E5702590DC4E003B87C0 /* Frameworks */ = {
			isa = PBXFrameworksBuildPhase;
			buildActionMask = 2147483647;
			files = (
			);
			runOnlyForDeploymentPostprocessing = 0;
		};
		4E56E57B2590DC4E003B87C0 /* Frameworks */ = {
			isa = PBXFrameworksBuildPhase;
			buildActionMask = 2147483647;
			files = (
			);
			runOnlyForDeploymentPostprocessing = 0;
		};
/* End PBXFrameworksBuildPhase section */

/* Begin PBXGroup section */
		4E56E5542590DC4A003B87C0 = {
			isa = PBXGroup;
			children = (
				4E56E55F2590DC4A003B87C0 /* Messenger */,
				4E56E5762590DC4E003B87C0 /* MessengerTests */,
				4E56E5812590DC4E003B87C0 /* MessengerUITests */,
				4E56E55E2590DC4A003B87C0 /* Products */,
			);
			sourceTree = "<group>";
		};
		4E56E55E2590DC4A003B87C0 /* Products */ = {
			isa = PBXGroup;
			children = (
				4E56E55D2590DC4A003B87C0 /* Messenger.app */,
				4E56E5732590DC4E003B87C0 /* MessengerTests.xctest */,
				4E56E57E2590DC4E003B87C0 /* MessengerUITests.xctest */,
			);
			name = Products;
			sourceTree = "<group>";
		};
		4E56E55F2590DC4A003B87C0 /* Messenger */ = {
			isa = PBXGroup;
			children = (
				4E56E5982590DD29003B87C0 /* ViewModels */,
				4E56E5962590DD12003B87C0 /* Resources */,
				4E56E5952590DD09003B87C0 /* Models */,
				4E56E5942590DD02003B87C0 /* Views */,
				4E56E5932590DCF7003B87C0 /* Controllers */,
				4E56E56E2590DC4D003B87C0 /* Info.plist */,
			);
			path = Messenger;
			sourceTree = "<group>";
		};
		4E56E5762590DC4E003B87C0 /* MessengerTests */ = {
			isa = PBXGroup;
			children = (
				4E56E5772590DC4E003B87C0 /* MessengerTests.swift */,
				4E56E5792590DC4E003B87C0 /* Info.plist */,
			);
			path = MessengerTests;
			sourceTree = "<group>";
		};
		4E56E5812590DC4E003B87C0 /* MessengerUITests */ = {
			isa = PBXGroup;
			children = (
				4E56E5822590DC4E003B87C0 /* MessengerUITests.swift */,
				4E56E5842590DC4E003B87C0 /* Info.plist */,
			);
			path = MessengerUITests;
			sourceTree = "<group>";
		};
		4E56E5932590DCF7003B87C0 /* Controllers */ = {
			isa = PBXGroup;
			children = (
				4E56E5642590DC4A003B87C0 /* ConversationsViewController.swift */,
				4E56E5B02590DF38003B87C0 /* LoginViewController.swift */,
				4E56E5B52590DF47003B87C0 /* RegisterViewController.swift */,
				4E56E5BA2590DF63003B87C0 /* PhotoViewerViewController.swift */,
				4E56E5BF2590DF71003B87C0 /* VideoPlayerViewController.swift */,
				4E56E5C42590DF85003B87C0 /* NewConversationViewController.swift */,
				4E56E5C92590DF91003B87C0 /* ProfileViewController.swift */,
			);
			path = Controllers;
			sourceTree = "<group>";
		};
		4E56E5942590DD02003B87C0 /* Views */ = {
			isa = PBXGroup;
			children = (
				4E56E5992590DD5C003B87C0 /* Storyboards */,
				4E56E5692590DC4D003B87C0 /* Assets.xcassets */,
			);
			path = Views;
			sourceTree = "<group>";
		};
		4E56E5952590DD09003B87C0 /* Models */ = {
			isa = PBXGroup;
			children = (
			);
			path = Models;
			sourceTree = "<group>";
		};
		4E56E5962590DD12003B87C0 /* Resources */ = {
			isa = PBXGroup;
			children = (
				4E56E5602590DC4A003B87C0 /* AppDelegate.swift */,
				4E56E5622590DC4A003B87C0 /* SceneDelegate.swift */,
			);
			path = Resources;
			sourceTree = "<group>";
		};
		4E56E5982590DD29003B87C0 /* ViewModels */ = {
			isa = PBXGroup;
			children = (
			);
			path = ViewModels;
			sourceTree = "<group>";
		};
		4E56E5992590DD5C003B87C0 /* Storyboards */ = {
			isa = PBXGroup;
			children = (
				4E56E5662590DC4A003B87C0 /* Main.storyboard */,
				4E56E56B2590DC4D003B87C0 /* LaunchScreen.storyboard */,
			);
			path = Storyboards;
			sourceTree = "<group>";
		};
/* End PBXGroup section */

/* Begin PBXNativeTarget section */
		4E56E55C2590DC4A003B87C0 /* Messenger */ = {
			isa = PBXNativeTarget;
			buildConfigurationList = 4E56E5872590DC4E003B87C0 /* Build configuration list for PBXNativeTarget "Messenger" */;
			buildPhases = (
				4E56E5592590DC4A003B87C0 /* Sources */,
				4E56E55A2590DC4A003B87C0 /* Frameworks */,
				4E56E55B2590DC4A003B87C0 /* Resources */,
			);
			buildRules = (
			);
			dependencies = (
			);
			name = Messenger;
			productName = Messenger;
			productReference = 4E56E55D2590DC4A003B87C0 /* Messenger.app */;
			productType = "com.apple.product-type.application";
		};
		4E56E5722590DC4E003B87C0 /* MessengerTests */ = {
			isa = PBXNativeTarget;
			buildConfigurationList = 4E56E58A2590DC4E003B87C0 /* Build configuration list for PBXNativeTarget "MessengerTests" */;
			buildPhases = (
				4E56E56F2590DC4E003B87C0 /* Sources */,
				4E56E5702590DC4E003B87C0 /* Frameworks */,
				4E56E5712590DC4E003B87C0 /* Resources */,
			);
			buildRules = (
			);
			dependencies = (
				4E56E5752590DC4E003B87C0 /* PBXTargetDependency */,
			);
			name = MessengerTests;
			productName = MessengerTests;
			productReference = 4E56E5732590DC4E003B87C0 /* MessengerTests.xctest */;
			productType = "com.apple.product-type.bundle.unit-test";
		};
		4E56E57D2590DC4E003B87C0 /* MessengerUITests */ = {
			isa = PBXNativeTarget;
			buildConfigurationList = 4E56E58D2590DC4E003B87C0 /* Build configuration list for PBXNativeTarget "MessengerUITests" */;
			buildPhases = (
				4E56E57A2590DC4E003B87C0 /* Sources */,
				4E56E57B2590DC4E003B87C0 /* Frameworks */,
				4E56E57C2590DC4E003B87C0 /* Resources */,
			);
			buildRules = (
			);
			dependencies = (
				4E56E5802590DC4E003B87C0 /* PBXTargetDependency */,
			);
			name = MessengerUITests;
			productName = MessengerUITests;
			productReference = 4E56E57E2590DC4E003B87C0 /* MessengerUITests.xctest */;
			productType = "com.apple.product-type.bundle.ui-testing";
		};
/* End PBXNativeTarget section */

/* Begin PBXProject section */
		4E56E5552590DC4A003B87C0 /* Project object */ = {
			isa = PBXProject;
			attributes = {
				LastSwiftUpdateCheck = 1230;
				LastUpgradeCheck = 1230;
				TargetAttributes = {
					4E56E55C2590DC4A003B87C0 = {
						CreatedOnToolsVersion = 12.3;
					};
					4E56E5722590DC4E003B87C0 = {
						CreatedOnToolsVersion = 12.3;
						TestTargetID = 4E56E55C2590DC4A003B87C0;
					};
					4E56E57D2590DC4E003B87C0 = {
						CreatedOnToolsVersion = 12.3;
						TestTargetID = 4E56E55C2590DC4A003B87C0;
					};
				};
			};
			buildConfigurationList = 4E56E5582590DC4A003B87C0 /* Build configuration list for PBXProject "Messenger" */;
			compatibilityVersion = "Xcode 9.3";
			developmentRegion = en;
			hasScannedForEncodings = 0;
			knownRegions = (
				en,
				Base,
			);
			mainGroup = 4E56E5542590DC4A003B87C0;
			productRefGroup = 4E56E55E2590DC4A003B87C0 /* Products */;
			projectDirPath = "";
			projectRoot = "";
			targets = (
				4E56E55C2590DC4A003B87C0 /* Messenger */,
				4E56E5722590DC4E003B87C0 /* MessengerTests */,
				4E56E57D2590DC4E003B87C0 /* MessengerUITests */,
			);
		};
/* End PBXProject section */

/* Begin PBXResourcesBuildPhase section */
		4E56E55B2590DC4A003B87C0 /* Resources */ = {
			isa = PBXResourcesBuildPhase;
			buildActionMask = 2147483647;
			files = (
				4E56E56D2590DC4D003B87C0 /* LaunchScreen.storyboard in Resources */,
				4E56E56A2590DC4D003B87C0 /* Assets.xcassets in Resources */,
				4E56E5682590DC4A003B87C0 /* Main.storyboard in Resources */,
			);
			runOnlyForDeploymentPostprocessing = 0;
		};
		4E56E5712590DC4E003B87C0 /* Resources */ = {
			isa = PBXResourcesBuildPhase;
			buildActionMask = 2147483647;
			files = (
			);
			runOnlyForDeploymentPostprocessing = 0;
		};
		4E56E57C2590DC4E003B87C0 /* Resources */ = {
			isa = PBXResourcesBuildPhase;
			buildActionMask = 2147483647;
			files = (
			);
			runOnlyForDeploymentPostprocessing = 0;
		};
/* End PBXResourcesBuildPhase section */

/* Begin PBXSourcesBuildPhase section */
		4E56E5592590DC4A003B87C0 /* Sources */ = {
			isa = PBXSourcesBuildPhase;
			buildActionMask = 2147483647;
			files = (
				4E56E5B12590DF38003B87C0 /* LoginViewController.swift in Sources */,
				4E56E5B62590DF47003B87C0 /* RegisterViewController.swift in Sources */,
				4E56E5C52590DF85003B87C0 /* NewConversationViewController.swift in Sources */,
				4E56E5652590DC4A003B87C0 /* ConversationsViewController.swift in Sources */,
				4E56E5C02590DF71003B87C0 /* VideoPlayerViewController.swift in Sources */,
				4E56E5612590DC4A003B87C0 /* AppDelegate.swift in Sources */,
				4E56E5CA2590DF91003B87C0 /* ProfileViewController.swift in Sources */,
				4E56E5632590DC4A003B87C0 /* SceneDelegate.swift in Sources */,
				4E56E5BB2590DF63003B87C0 /* PhotoViewerViewController.swift in Sources */,
			);
			runOnlyForDeploymentPostprocessing = 0;
		};
		4E56E56F2590DC4E003B87C0 /* Sources */ = {
			isa = PBXSourcesBuildPhase;
			buildActionMask = 2147483647;
			files = (
				4E56E5782590DC4E003B87C0 /* MessengerTests.swift in Sources */,
			);
			runOnlyForDeploymentPostprocessing = 0;
		};
		4E56E57A2590DC4E003B87C0 /* Sources */ = {
			isa = PBXSourcesBuildPhase;
			buildActionMask = 2147483647;
			files = (
				4E56E5832590DC4E003B87C0 /* MessengerUITests.swift in Sources */,
			);
			runOnlyForDeploymentPostprocessing = 0;
		};
/* End PBXSourcesBuildPhase section */

/* Begin PBXTargetDependency section */
		4E56E5752590DC4E003B87C0 /* PBXTargetDependency */ = {
			isa = PBXTargetDependency;
			target = 4E56E55C2590DC4A003B87C0 /* Messenger */;
			targetProxy = 4E56E5742590DC4E003B87C0 /* PBXContainerItemProxy */;
		};
		4E56E5802590DC4E003B87C0 /* PBXTargetDependency */ = {
			isa = PBXTargetDependency;
			target = 4E56E55C2590DC4A003B87C0 /* Messenger */;
			targetProxy = 4E56E57F2590DC4E003B87C0 /* PBXContainerItemProxy */;
		};
/* End PBXTargetDependency section */

/* Begin PBXVariantGroup section */
		4E56E5662590DC4A003B87C0 /* Main.storyboard */ = {
			isa = PBXVariantGroup;
			children = (
				4E56E5672590DC4A003B87C0 /* Base */,
			);
			name = Main.storyboard;
			sourceTree = "<group>";
		};
		4E56E56B2590DC4D003B87C0 /* LaunchScreen.storyboard */ = {
			isa = PBXVariantGroup;
			children = (
				4E56E56C2590DC4D003B87C0 /* Base */,
			);
			name = LaunchScreen.storyboard;
			sourceTree = "<group>";
		};
/* End PBXVariantGroup section */

/* Begin XCBuildConfiguration section */
		4E56E5852590DC4E003B87C0 /* Debug */ = {
			isa = XCBuildConfiguration;
			buildSettings = {
				ALWAYS_SEARCH_USER_PATHS = NO;
				CLANG_ANALYZER_NONNULL = YES;
				CLANG_ANALYZER_NUMBER_OBJECT_CONVERSION = YES_AGGRESSIVE;
				CLANG_CXX_LANGUAGE_STANDARD = "gnu++14";
				CLANG_CXX_LIBRARY = "libc++";
				CLANG_ENABLE_MODULES = YES;
				CLANG_ENABLE_OBJC_ARC = YES;
				CLANG_ENABLE_OBJC_WEAK = YES;
				CLANG_WARN_BLOCK_CAPTURE_AUTORELEASING = YES;
				CLANG_WARN_BOOL_CONVERSION = YES;
				CLANG_WARN_COMMA = YES;
				CLANG_WARN_CONSTANT_CONVERSION = YES;
				CLANG_WARN_DEPRECATED_OBJC_IMPLEMENTATIONS = YES;
				CLANG_WARN_DIRECT_OBJC_ISA_USAGE = YES_ERROR;
				CLANG_WARN_DOCUMENTATION_COMMENTS = YES;
				CLANG_WARN_EMPTY_BODY = YES;
				CLANG_WARN_ENUM_CONVERSION = YES;
				CLANG_WARN_INFINITE_RECURSION = YES;
				CLANG_WARN_INT_CONVERSION = YES;
				CLANG_WARN_NON_LITERAL_NULL_CONVERSION = YES;
				CLANG_WARN_OBJC_IMPLICIT_RETAIN_SELF = YES;
				CLANG_WARN_OBJC_LITERAL_CONVERSION = YES;
				CLANG_WARN_OBJC_ROOT_CLASS = YES_ERROR;
				CLANG_WARN_QUOTED_INCLUDE_IN_FRAMEWORK_HEADER = YES;
				CLANG_WARN_RANGE_LOOP_ANALYSIS = YES;
				CLANG_WARN_STRICT_PROTOTYPES = YES;
				CLANG_WARN_SUSPICIOUS_MOVE = YES;
				CLANG_WARN_UNGUARDED_AVAILABILITY = YES_AGGRESSIVE;
				CLANG_WARN_UNREACHABLE_CODE = YES;
				CLANG_WARN__DUPLICATE_METHOD_MATCH = YES;
				COPY_PHASE_STRIP = NO;
				DEBUG_INFORMATION_FORMAT = dwarf;
				ENABLE_STRICT_OBJC_MSGSEND = YES;
				ENABLE_TESTABILITY = YES;
				GCC_C_LANGUAGE_STANDARD = gnu11;
				GCC_DYNAMIC_NO_PIC = NO;
				GCC_NO_COMMON_BLOCKS = YES;
				GCC_OPTIMIZATION_LEVEL = 0;
				GCC_PREPROCESSOR_DEFINITIONS = (
					"DEBUG=1",
					"$(inherited)",
				);
				GCC_WARN_64_TO_32_BIT_CONVERSION = YES;
				GCC_WARN_ABOUT_RETURN_TYPE = YES_ERROR;
				GCC_WARN_UNDECLARED_SELECTOR = YES;
				GCC_WARN_UNINITIALIZED_AUTOS = YES_AGGRESSIVE;
				GCC_WARN_UNUSED_FUNCTION = YES;
				GCC_WARN_UNUSED_VARIABLE = YES;
				IPHONEOS_DEPLOYMENT_TARGET = 14.3;
				MTL_ENABLE_DEBUG_INFO = INCLUDE_SOURCE;
				MTL_FAST_MATH = YES;
				ONLY_ACTIVE_ARCH = YES;
				SDKROOT = iphoneos;
				SWIFT_ACTIVE_COMPILATION_CONDITIONS = DEBUG;
				SWIFT_OPTIMIZATION_LEVEL = "-Onone";
			};
			name = Debug;
		};
		4E56E5862590DC4E003B87C0 /* Release */ = {
			isa = XCBuildConfiguration;
			buildSettings = {
				ALWAYS_SEARCH_USER_PATHS = NO;
				CLANG_ANALYZER_NONNULL = YES;
				CLANG_ANALYZER_NUMBER_OBJECT_CONVERSION = YES_AGGRESSIVE;
				CLANG_CXX_LANGUAGE_STANDARD = "gnu++14";
				CLANG_CXX_LIBRARY = "libc++";
				CLANG_ENABLE_MODULES = YES;
				CLANG_ENABLE_OBJC_ARC = YES;
				CLANG_ENABLE_OBJC_WEAK = YES;
				CLANG_WARN_BLOCK_CAPTURE_AUTORELEASING = YES;
				CLANG_WARN_BOOL_CONVERSION = YES;
				CLANG_WARN_COMMA = YES;
				CLANG_WARN_CONSTANT_CONVERSION = YES;
				CLANG_WARN_DEPRECATED_OBJC_IMPLEMENTATIONS = YES;
				CLANG_WARN_DIRECT_OBJC_ISA_USAGE = YES_ERROR;
				CLANG_WARN_DOCUMENTATION_COMMENTS = YES;
				CLANG_WARN_EMPTY_BODY = YES;
				CLANG_WARN_ENUM_CONVERSION = YES;
				CLANG_WARN_INFINITE_RECURSION = YES;
				CLANG_WARN_INT_CONVERSION = YES;
				CLANG_WARN_NON_LITERAL_NULL_CONVERSION = YES;
				CLANG_WARN_OBJC_IMPLICIT_RETAIN_SELF = YES;
				CLANG_WARN_OBJC_LITERAL_CONVERSION = YES;
				CLANG_WARN_OBJC_ROOT_CLASS = YES_ERROR;
				CLANG_WARN_QUOTED_INCLUDE_IN_FRAMEWORK_HEADER = YES;
				CLANG_WARN_RANGE_LOOP_ANALYSIS = YES;
				CLANG_WARN_STRICT_PROTOTYPES = YES;
				CLANG_WARN_SUSPICIOUS_MOVE = YES;
				CLANG_WARN_UNGUARDED_AVAILABILITY = YES_AGGRESSIVE;
				CLANG_WARN_UNREACHABLE_CODE = YES;
				CLANG_WARN__DUPLICATE_METHOD_MATCH = YES;
				COPY_PHASE_STRIP = NO;
				DEBUG_INFORMATION_FORMAT = "dwarf-with-dsym";
				ENABLE_NS_ASSERTIONS = NO;
				ENABLE_STRICT_OBJC_MSGSEND = YES;
				GCC_C_LANGUAGE_STANDARD = gnu11;
				GCC_NO_COMMON_BLOCKS = YES;
				GCC_WARN_64_TO_32_BIT_CONVERSION = YES;
				GCC_WARN_ABOUT_RETURN_TYPE = YES_ERROR;
				GCC_WARN_UNDECLARED_SELECTOR = YES;
				GCC_WARN_UNINITIALIZED_AUTOS = YES_AGGRESSIVE;
				GCC_WARN_UNUSED_FUNCTION = YES;
				GCC_WARN_UNUSED_VARIABLE = YES;
				IPHONEOS_DEPLOYMENT_TARGET = 14.3;
				MTL_ENABLE_DEBUG_INFO = NO;
				MTL_FAST_MATH = YES;
				SDKROOT = iphoneos;
				SWIFT_COMPILATION_MODE = wholemodule;
				SWIFT_OPTIMIZATION_LEVEL = "-O";
				VALIDATE_PRODUCT = YES;
			};
			name = Release;
		};
		4E56E5882590DC4E003B87C0 /* Debug */ = {
			isa = XCBuildConfiguration;
			buildSettings = {
				ASSETCATALOG_COMPILER_APPICON_NAME = AppIcon;
				ASSETCATALOG_COMPILER_GLOBAL_ACCENT_COLOR_NAME = AccentColor;
				CODE_SIGN_STYLE = Automatic;
				INFOPLIST_FILE = Messenger/Info.plist;
				LD_RUNPATH_SEARCH_PATHS = (
					"$(inherited)",
					"@executable_path/Frameworks",
				);
				PRODUCT_BUNDLE_IDENTIFIER = TareqMia.Messenger;
				PRODUCT_NAME = "$(TARGET_NAME)";
				SWIFT_VERSION = 5.0;
				TARGETED_DEVICE_FAMILY = "1,2";
			};
			name = Debug;
		};
		4E56E5892590DC4E003B87C0 /* Release */ = {
			isa = XCBuildConfiguration;
			buildSettings = {
				ASSETCATALOG_COMPILER_APPICON_NAME = AppIcon;
				ASSETCATALOG_COMPILER_GLOBAL_ACCENT_COLOR_NAME = AccentColor;
				CODE_SIGN_STYLE = Automatic;
				INFOPLIST_FILE = Messenger/Info.plist;
				LD_RUNPATH_SEARCH_PATHS = (
					"$(inherited)",
					"@executable_path/Frameworks",
				);
				PRODUCT_BUNDLE_IDENTIFIER = TareqMia.Messenger;
				PRODUCT_NAME = "$(TARGET_NAME)";
				SWIFT_VERSION = 5.0;
				TARGETED_DEVICE_FAMILY = "1,2";
			};
			name = Release;
		};
		4E56E58B2590DC4E003B87C0 /* Debug */ = {
			isa = XCBuildConfiguration;
			buildSettings = {
				ALWAYS_EMBED_SWIFT_STANDARD_LIBRARIES = YES;
				BUNDLE_LOADER = "$(TEST_HOST)";
				CODE_SIGN_STYLE = Automatic;
				INFOPLIST_FILE = MessengerTests/Info.plist;
				IPHONEOS_DEPLOYMENT_TARGET = 14.3;
				LD_RUNPATH_SEARCH_PATHS = (
					"$(inherited)",
					"@executable_path/Frameworks",
					"@loader_path/Frameworks",
				);
				PRODUCT_BUNDLE_IDENTIFIER = TareqMia.MessengerTests;
				PRODUCT_NAME = "$(TARGET_NAME)";
				SWIFT_VERSION = 5.0;
				TARGETED_DEVICE_FAMILY = "1,2";
				TEST_HOST = "$(BUILT_PRODUCTS_DIR)/Messenger.app/Messenger";
			};
			name = Debug;
		};
		4E56E58C2590DC4E003B87C0 /* Release */ = {
			isa = XCBuildConfiguration;
			buildSettings = {
				ALWAYS_EMBED_SWIFT_STANDARD_LIBRARIES = YES;
				BUNDLE_LOADER = "$(TEST_HOST)";
				CODE_SIGN_STYLE = Automatic;
				INFOPLIST_FILE = MessengerTests/Info.plist;
				IPHONEOS_DEPLOYMENT_TARGET = 14.3;
				LD_RUNPATH_SEARCH_PATHS = (
					"$(inherited)",
					"@executable_path/Frameworks",
					"@loader_path/Frameworks",
				);
				PRODUCT_BUNDLE_IDENTIFIER = TareqMia.MessengerTests;
				PRODUCT_NAME = "$(TARGET_NAME)";
				SWIFT_VERSION = 5.0;
				TARGETED_DEVICE_FAMILY = "1,2";
				TEST_HOST = "$(BUILT_PRODUCTS_DIR)/Messenger.app/Messenger";
			};
			name = Release;
		};
		4E56E58E2590DC4E003B87C0 /* Debug */ = {
			isa = XCBuildConfiguration;
			buildSettings = {
				ALWAYS_EMBED_SWIFT_STANDARD_LIBRARIES = YES;
				CODE_SIGN_STYLE = Automatic;
				INFOPLIST_FILE = MessengerUITests/Info.plist;
				LD_RUNPATH_SEARCH_PATHS = (
					"$(inherited)",
					"@executable_path/Frameworks",
					"@loader_path/Frameworks",
				);
				PRODUCT_BUNDLE_IDENTIFIER = TareqMia.MessengerUITests;
				PRODUCT_NAME = "$(TARGET_NAME)";
				SWIFT_VERSION = 5.0;
				TARGETED_DEVICE_FAMILY = "1,2";
				TEST_TARGET_NAME = Messenger;
			};
			name = Debug;
		};
		4E56E58F2590DC4E003B87C0 /* Release */ = {
			isa = XCBuildConfiguration;
			buildSettings = {
				ALWAYS_EMBED_SWIFT_STANDARD_LIBRARIES = YES;
				CODE_SIGN_STYLE = Automatic;
				INFOPLIST_FILE = MessengerUITests/Info.plist;
				LD_RUNPATH_SEARCH_PATHS = (
					"$(inherited)",
					"@executable_path/Frameworks",
					"@loader_path/Frameworks",
				);
				PRODUCT_BUNDLE_IDENTIFIER = TareqMia.MessengerUITests;
				PRODUCT_NAME = "$(TARGET_NAME)";
				SWIFT_VERSION = 5.0;
				TARGETED_DEVICE_FAMILY = "1,2";
				TEST_TARGET_NAME = Messenger;
			};
			name = Release;
		};
/* End XCBuildConfiguration section */

/* Begin XCConfigurationList section */
		4E56E5582590DC4A003B87C0 /* Build configuration list for PBXProject "Messenger" */ = {
			isa = XCConfigurationList;
			buildConfigurations = (
				4E56E5852590DC4E003B87C0 /* Debug */,
				4E56E5862590DC4E003B87C0 /* Release */,
			);
			defaultConfigurationIsVisible = 0;
			defaultConfigurationName = Release;
		};
		4E56E5872590DC4E003B87C0 /* Build configuration list for PBXNativeTarget "Messenger" */ = {
			isa = XCConfigurationList;
			buildConfigurations = (
				4E56E5882590DC4E003B87C0 /* Debug */,
				4E56E5892590DC4E003B87C0 /* Release */,
			);
			defaultConfigurationIsVisible = 0;
			defaultConfigurationName = Release;
		};
		4E56E58A2590DC4E003B87C0 /* Build configuration list for PBXNativeTarget "MessengerTests" */ = {
			isa = XCConfigurationList;
			buildConfigurations = (
				4E56E58B2590DC4E003B87C0 /* Debug */,
				4E56E58C2590DC4E003B87C0 /* Release */,
			);
			defaultConfigurationIsVisible = 0;
			defaultConfigurationName = Release;
		};
		4E56E58D2590DC4E003B87C0 /* Build configuration list for PBXNativeTarget "MessengerUITests" */ = {
			isa = XCConfigurationList;
			buildConfigurations = (
				4E56E58E2590DC4E003B87C0 /* Debug */,
				4E56E58F2590DC4E003B87C0 /* Release */,
			);
			defaultConfigurationIsVisible = 0;
			defaultConfigurationName = Release;
		};
/* End XCConfigurationList section */
	};
	rootObject = 4E56E5552590DC4A003B87C0 /* Project object */;
}
